
Microsoft Visual Studio Solution File, Format Version 12.00
# Visual Studio Version 16
VisualStudioVersion = 16.0.31205.134
MinimumVisualStudioVersion = 10.0.40219.1
Project("{9A19103F-16F7-4668-BE54-9A1E7A4F7556}") = "PictureGalleryClient", "PictureGalleryClient\PictureGalleryClient.csproj", "{AD5B36DD-A612-4337-A1F9-E966B26E184C}"
EndProject
Project("{FAE04EC0-301F-11D3-BF4B-00C04F79EFBC}") = "AuthDatabase", "AuthDatabase\AuthDatabase.csproj", "{A700AABB-27D0-4BD7-B01A-548E8A245D5F}"
EndProject
Global
	GlobalSection(SolutionConfigurationPlatforms) = preSolution
		Debug|Any CPU = Debug|Any CPU
		Release|Any CPU = Release|Any CPU
	EndGlobalSection
	GlobalSection(ProjectConfigurationPlatforms) = postSolution
		{AD5B36DD-A612-4337-A1F9-E966B26E184C}.Debug|Any CPU.ActiveCfg = Debug|Any CPU
		{AD5B36DD-A612-4337-A1F9-E966B26E184C}.Debug|Any CPU.Build.0 = Debug|Any CPU
		{AD5B36DD-A612-4337-A1F9-E966B26E184C}.Release|Any CPU.ActiveCfg = Release|Any CPU
		{AD5B36DD-A612-4337-A1F9-E966B26E184C}.Release|Any CPU.Build.0 = Release|Any CPU
		{A700AABB-27D0-4BD7-B01A-548E8A245D5F}.Debug|Any CPU.ActiveCfg = Debug|Any CPU
		{A700AABB-27D0-4BD7-B01A-548E8A245D5F}.Debug|Any CPU.Build.0 = Debug|Any CPU
		{A700AABB-27D0-4BD7-B01A-548E8A245D5F}.Release|Any CPU.ActiveCfg = Release|Any CPU
		{A700AABB-27D0-4BD7-B01A-548E8A245D5F}.Release|Any CPU.Build.0 = Release|Any CPU
	EndGlobalSection
	GlobalSection(SolutionProperties) = preSolution
		HideSolutionNode = FALSE
	EndGlobalSection
	GlobalSection(ExtensibilityGlobals) = postSolution
		SolutionGuid = {2F418CD0-29BF-4650-8B51-F81D90E2144E}
	EndGlobalSection
EndGlobal
